
Microsoft Visual Studio Solution File, Format Version 12.00
# Visual Studio Version 17
VisualStudioVersion = 17.10.35122.118
MinimumVisualStudioVersion = 10.0.40219.1
Project("{9A19103F-16F7-4668-BE54-9A1E7A4F7556}") = "TF2CrowdControl", "TF2CrowdControl\TF2CrowdControl.csproj", "{E62EA282-7225-433C-9C33-0E2FEB290EA2}"
	ProjectSection(ProjectDependencies) = postProject
		{117B89E0-5D7F-46B0-BAB9-269C5BBF98C2} = {117B89E0-5D7F-46B0-BAB9-269C5BBF98C2}
	EndProjectSection
EndProject
Project("{9A19103F-16F7-4668-BE54-9A1E7A4F7556}") = "CCGamePack", "CCGamePack\CCGamePack.csproj", "{2A5D86F6-1D60-4487-AA91-0C9A0DBC7E85}"
EndProject
Project("{9A19103F-16F7-4668-BE54-9A1E7A4F7556}") = "EffectSystem", "EffectSystem\EffectSystem.csproj", "{117B89E0-5D7F-46B0-BAB9-269C5BBF98C2}"
EndProject
Project("{9A19103F-16F7-4668-BE54-9A1E7A4F7556}") = "ConnectorLib.JSON", "ConnectorLib.JSON\ConnectorLib.JSON.csproj", "{A8772A46-A88C-4984-A40C-904A0466A577}"
EndProject
Project("{FAE04EC0-301F-11D3-BF4B-00C04F79EFBC}") = "Aspen", "Aspen\Aspen.csproj", "{5A928FD2-DABA-4259-AD0B-D04D2DFF136E}"
EndProject
Global
	GlobalSection(SolutionConfigurationPlatforms) = preSolution
		Debug|Any CPU = Debug|Any CPU
		Debug|x64 = Debug|x64
		Debug|x86 = Debug|x86
		Release|Any CPU = Release|Any CPU
		Release|x64 = Release|x64
		Release|x86 = Release|x86
	EndGlobalSection
	GlobalSection(ProjectConfigurationPlatforms) = postSolution
		{E62EA282-7225-433C-9C33-0E2FEB290EA2}.Debug|Any CPU.ActiveCfg = Debug|Any CPU
		{E62EA282-7225-433C-9C33-0E2FEB290EA2}.Debug|Any CPU.Build.0 = Debug|Any CPU
		{E62EA282-7225-433C-9C33-0E2FEB290EA2}.Debug|x64.ActiveCfg = Debug|Any CPU
		{E62EA282-7225-433C-9C33-0E2FEB290EA2}.Debug|x64.Build.0 = Debug|Any CPU
		{E62EA282-7225-433C-9C33-0E2FEB290EA2}.Debug|x86.ActiveCfg = Debug|Any CPU
		{E62EA282-7225-433C-9C33-0E2FEB290EA2}.Debug|x86.Build.0 = Debug|Any CPU
		{E62EA282-7225-433C-9C33-0E2FEB290EA2}.Release|Any CPU.ActiveCfg = Release|Any CPU
		{E62EA282-7225-433C-9C33-0E2FEB290EA2}.Release|Any CPU.Build.0 = Release|Any CPU
		{E62EA282-7225-433C-9C33-0E2FEB290EA2}.Release|x64.ActiveCfg = Release|Any CPU
		{E62EA282-7225-433C-9C33-0E2FEB290EA2}.Release|x64.Build.0 = Release|Any CPU
		{E62EA282-7225-433C-9C33-0E2FEB290EA2}.Release|x86.ActiveCfg = Release|Any CPU
		{E62EA282-7225-433C-9C33-0E2FEB290EA2}.Release|x86.Build.0 = Release|Any CPU
		{2A5D86F6-1D60-4487-AA91-0C9A0DBC7E85}.Debug|Any CPU.ActiveCfg = Debug|Any CPU
		{2A5D86F6-1D60-4487-AA91-0C9A0DBC7E85}.Debug|Any CPU.Build.0 = Debug|Any CPU
		{2A5D86F6-1D60-4487-AA91-0C9A0DBC7E85}.Debug|x64.ActiveCfg = Debug|Any CPU
		{2A5D86F6-1D60-4487-AA91-0C9A0DBC7E85}.Debug|x64.Build.0 = Debug|Any CPU
		{2A5D86F6-1D60-4487-AA91-0C9A0DBC7E85}.Debug|x86.ActiveCfg = Debug|Any CPU
		{2A5D86F6-1D60-4487-AA91-0C9A0DBC7E85}.Debug|x86.Build.0 = Debug|Any CPU
		{2A5D86F6-1D60-4487-AA91-0C9A0DBC7E85}.Release|Any CPU.ActiveCfg = Release|Any CPU
		{2A5D86F6-1D60-4487-AA91-0C9A0DBC7E85}.Release|Any CPU.Build.0 = Release|Any CPU
		{2A5D86F6-1D60-4487-AA91-0C9A0DBC7E85}.Release|x64.ActiveCfg = Release|Any CPU
		{2A5D86F6-1D60-4487-AA91-0C9A0DBC7E85}.Release|x64.Build.0 = Release|Any CPU
		{2A5D86F6-1D60-4487-AA91-0C9A0DBC7E85}.Release|x86.ActiveCfg = Release|Any CPU
		{2A5D86F6-1D60-4487-AA91-0C9A0DBC7E85}.Release|x86.Build.0 = Release|Any CPU
		{117B89E0-5D7F-46B0-BAB9-269C5BBF98C2}.Debug|Any CPU.ActiveCfg = Debug|Any CPU
		{117B89E0-5D7F-46B0-BAB9-269C5BBF98C2}.Debug|Any CPU.Build.0 = Debug|Any CPU
		{117B89E0-5D7F-46B0-BAB9-269C5BBF98C2}.Debug|x64.ActiveCfg = Debug|Any CPU
		{117B89E0-5D7F-46B0-BAB9-269C5BBF98C2}.Debug|x64.Build.0 = Debug|Any CPU
		{117B89E0-5D7F-46B0-BAB9-269C5BBF98C2}.Debug|x86.ActiveCfg = Debug|Any CPU
		{117B89E0-5D7F-46B0-BAB9-269C5BBF98C2}.Debug|x86.Build.0 = Debug|Any CPU
		{117B89E0-5D7F-46B0-BAB9-269C5BBF98C2}.Release|Any CPU.ActiveCfg = Release|Any CPU
		{117B89E0-5D7F-46B0-BAB9-269C5BBF98C2}.Release|Any CPU.Build.0 = Release|Any CPU
		{117B89E0-5D7F-46B0-BAB9-269C5BBF98C2}.Release|x64.ActiveCfg = Release|Any CPU
		{117B89E0-5D7F-46B0-BAB9-269C5BBF98C2}.Release|x64.Build.0 = Release|Any CPU
		{117B89E0-5D7F-46B0-BAB9-269C5BBF98C2}.Release|x86.ActiveCfg = Release|Any CPU
		{117B89E0-5D7F-46B0-BAB9-269C5BBF98C2}.Release|x86.Build.0 = Release|Any CPU
		{A8772A46-A88C-4984-A40C-904A0466A577}.Debug|Any CPU.ActiveCfg = Debug|Any CPU
		{A8772A46-A88C-4984-A40C-904A0466A577}.Debug|Any CPU.Build.0 = Debug|Any CPU
		{A8772A46-A88C-4984-A40C-904A0466A577}.Debug|x64.ActiveCfg = Debug|x64
		{A8772A46-A88C-4984-A40C-904A0466A577}.Debug|x64.Build.0 = Debug|x64
		{A8772A46-A88C-4984-A40C-904A0466A577}.Debug|x86.ActiveCfg = Debug|x86
		{A8772A46-A88C-4984-A40C-904A0466A577}.Debug|x86.Build.0 = Debug|x86
		{A8772A46-A88C-4984-A40C-904A0466A577}.Release|Any CPU.ActiveCfg = Release|Any CPU
		{A8772A46-A88C-4984-A40C-904A0466A577}.Release|Any CPU.Build.0 = Release|Any CPU
		{A8772A46-A88C-4984-A40C-904A0466A577}.Release|x64.ActiveCfg = Release|x64
		{A8772A46-A88C-4984-A40C-904A0466A577}.Release|x64.Build.0 = Release|x64
		{A8772A46-A88C-4984-A40C-904A0466A577}.Release|x86.ActiveCfg = Release|x86
		{A8772A46-A88C-4984-A40C-904A0466A577}.Release|x86.Build.0 = Release|x86
		{5A928FD2-DABA-4259-AD0B-D04D2DFF136E}.Debug|Any CPU.ActiveCfg = Debug|Any CPU
		{5A928FD2-DABA-4259-AD0B-D04D2DFF136E}.Debug|Any CPU.Build.0 = Debug|Any CPU
		{5A928FD2-DABA-4259-AD0B-D04D2DFF136E}.Debug|x64.ActiveCfg = Debug|Any CPU
		{5A928FD2-DABA-4259-AD0B-D04D2DFF136E}.Debug|x64.Build.0 = Debug|Any CPU
		{5A928FD2-DABA-4259-AD0B-D04D2DFF136E}.Debug|x86.ActiveCfg = Debug|Any CPU
		{5A928FD2-DABA-4259-AD0B-D04D2DFF136E}.Debug|x86.Build.0 = Debug|Any CPU
		{5A928FD2-DABA-4259-AD0B-D04D2DFF136E}.Release|Any CPU.ActiveCfg = Release|Any CPU
		{5A928FD2-DABA-4259-AD0B-D04D2DFF136E}.Release|Any CPU.Build.0 = Release|Any CPU
		{5A928FD2-DABA-4259-AD0B-D04D2DFF136E}.Release|x64.ActiveCfg = Release|Any CPU
		{5A928FD2-DABA-4259-AD0B-D04D2DFF136E}.Release|x64.Build.0 = Release|Any CPU
		{5A928FD2-DABA-4259-AD0B-D04D2DFF136E}.Release|x86.ActiveCfg = Release|Any CPU
		{5A928FD2-DABA-4259-AD0B-D04D2DFF136E}.Release|x86.Build.0 = Release|Any CPU
	EndGlobalSection
	GlobalSection(SolutionProperties) = preSolution
		HideSolutionNode = FALSE
	EndGlobalSection
	GlobalSection(ExtensibilityGlobals) = postSolution
		SolutionGuid = {73AC0DEE-6C66-481E-8AB1-AB58B2DDCEE5}
	EndGlobalSection
EndGlobal
